
Microsoft Visual Studio Solution File, Format Version 12.00
# Visual Studio Version 16
VisualStudioVersion = 16.6.30114.105
MinimumVisualStudioVersion = 10.0.40219.1
Project("{FAE04EC0-301F-11D3-BF4B-00C04F79EFBC}") = "API", "API\API.csproj", "{DED6ECE0-B602-43B7-8463-59C8268E3ED7}"
EndProject
Project("{FAE04EC0-301F-11D3-BF4B-00C04F79EFBC}") = "Application", "Application\Application.csproj", "{C22D0416-C591-457A-BAA9-1535C6992CFD}"
EndProject
Project("{FAE04EC0-301F-11D3-BF4B-00C04F79EFBC}") = "Persistence", "Persistence\Persistence.csproj", "{632ECA2A-CC58-4C26-B5C5-1637DF87C576}"
EndProject
Project("{FAE04EC0-301F-11D3-BF4B-00C04F79EFBC}") = "Domain", "Domain\Domain.csproj", "{58FA9D78-44E5-46C9-88C1-EE8E1EDCD59D}"
EndProject
Global
	GlobalSection(SolutionConfigurationPlatforms) = preSolution
		Debug|Any CPU = Debug|Any CPU
		Debug|x64 = Debug|x64
		Debug|x86 = Debug|x86
		Release|Any CPU = Release|Any CPU
		Release|x64 = Release|x64
		Release|x86 = Release|x86
	EndGlobalSection
	GlobalSection(SolutionProperties) = preSolution
		HideSolutionNode = FALSE
	EndGlobalSection
	GlobalSection(ProjectConfigurationPlatforms) = postSolution
		{DED6ECE0-B602-43B7-8463-59C8268E3ED7}.Debug|Any CPU.ActiveCfg = Debug|Any CPU
		{DED6ECE0-B602-43B7-8463-59C8268E3ED7}.Debug|Any CPU.Build.0 = Debug|Any CPU
		{DED6ECE0-B602-43B7-8463-59C8268E3ED7}.Debug|x64.ActiveCfg = Debug|Any CPU
		{DED6ECE0-B602-43B7-8463-59C8268E3ED7}.Debug|x64.Build.0 = Debug|Any CPU
		{DED6ECE0-B602-43B7-8463-59C8268E3ED7}.Debug|x86.ActiveCfg = Debug|Any CPU
		{DED6ECE0-B602-43B7-8463-59C8268E3ED7}.Debug|x86.Build.0 = Debug|Any CPU
		{DED6ECE0-B602-43B7-8463-59C8268E3ED7}.Release|Any CPU.ActiveCfg = Release|Any CPU
		{DED6ECE0-B602-43B7-8463-59C8268E3ED7}.Release|Any CPU.Build.0 = Release|Any CPU
		{DED6ECE0-B602-43B7-8463-59C8268E3ED7}.Release|x64.ActiveCfg = Release|Any CPU
		{DED6ECE0-B602-43B7-8463-59C8268E3ED7}.Release|x64.Build.0 = Release|Any CPU
		{DED6ECE0-B602-43B7-8463-59C8268E3ED7}.Release|x86.ActiveCfg = Release|Any CPU
		{DED6ECE0-B602-43B7-8463-59C8268E3ED7}.Release|x86.Build.0 = Release|Any CPU
		{C22D0416-C591-457A-BAA9-1535C6992CFD}.Debug|Any CPU.ActiveCfg = Debug|Any CPU
		{C22D0416-C591-457A-BAA9-1535C6992CFD}.Debug|Any CPU.Build.0 = Debug|Any CPU
		{C22D0416-C591-457A-BAA9-1535C6992CFD}.Debug|x64.ActiveCfg = Debug|Any CPU
		{C22D0416-C591-457A-BAA9-1535C6992CFD}.Debug|x64.Build.0 = Debug|Any CPU
		{C22D0416-C591-457A-BAA9-1535C6992CFD}.Debug|x86.ActiveCfg = Debug|Any CPU
		{C22D0416-C591-457A-BAA9-1535C6992CFD}.Debug|x86.Build.0 = Debug|Any CPU
		{C22D0416-C591-457A-BAA9-1535C6992CFD}.Release|Any CPU.ActiveCfg = Release|Any CPU
		{C22D0416-C591-457A-BAA9-1535C6992CFD}.Release|Any CPU.Build.0 = Release|Any CPU
		{C22D0416-C591-457A-BAA9-1535C6992CFD}.Release|x64.ActiveCfg = Release|Any CPU
		{C22D0416-C591-457A-BAA9-1535C6992CFD}.Release|x64.Build.0 = Release|Any CPU
		{C22D0416-C591-457A-BAA9-1535C6992CFD}.Release|x86.ActiveCfg = Release|Any CPU
		{C22D0416-C591-457A-BAA9-1535C6992CFD}.Release|x86.Build.0 = Release|Any CPU
		{632ECA2A-CC58-4C26-B5C5-1637DF87C576}.Debug|Any CPU.ActiveCfg = Debug|Any CPU
		{632ECA2A-CC58-4C26-B5C5-1637DF87C576}.Debug|Any CPU.Build.0 = Debug|Any CPU
		{632ECA2A-CC58-4C26-B5C5-1637DF87C576}.Debug|x64.ActiveCfg = Debug|Any CPU
		{632ECA2A-CC58-4C26-B5C5-1637DF87C576}.Debug|x64.Build.0 = Debug|Any CPU
		{632ECA2A-CC58-4C26-B5C5-1637DF87C576}.Debug|x86.ActiveCfg = Debug|Any CPU
		{632ECA2A-CC58-4C26-B5C5-1637DF87C576}.Debug|x86.Build.0 = Debug|Any CPU
		{632ECA2A-CC58-4C26-B5C5-1637DF87C576}.Release|Any CPU.ActiveCfg = Release|Any CPU
		{632ECA2A-CC58-4C26-B5C5-1637DF87C576}.Release|Any CPU.Build.0 = Release|Any CPU
		{632ECA2A-CC58-4C26-B5C5-1637DF87C576}.Release|x64.ActiveCfg = Release|Any CPU
		{632ECA2A-CC58-4C26-B5C5-1637DF87C576}.Release|x64.Build.0 = Release|Any CPU
		{632ECA2A-CC58-4C26-B5C5-1637DF87C576}.Release|x86.ActiveCfg = Release|Any CPU
		{632ECA2A-CC58-4C26-B5C5-1637DF87C576}.Release|x86.Build.0 = Release|Any CPU
		{58FA9D78-44E5-46C9-88C1-EE8E1EDCD59D}.Debug|Any CPU.ActiveCfg = Debug|Any CPU
		{58FA9D78-44E5-46C9-88C1-EE8E1EDCD59D}.Debug|Any CPU.Build.0 = Debug|Any CPU
		{58FA9D78-44E5-46C9-88C1-EE8E1EDCD59D}.Debug|x64.ActiveCfg = Debug|Any CPU
		{58FA9D78-44E5-46C9-88C1-EE8E1EDCD59D}.Debug|x64.Build.0 = Debug|Any CPU
		{58FA9D78-44E5-46C9-88C1-EE8E1EDCD59D}.Debug|x86.ActiveCfg = Debug|Any CPU
		{58FA9D78-44E5-46C9-88C1-EE8E1EDCD59D}.Debug|x86.Build.0 = Debug|Any CPU
		{58FA9D78-44E5-46C9-88C1-EE8E1EDCD59D}.Release|Any CPU.ActiveCfg = Release|Any CPU
		{58FA9D78-44E5-46C9-88C1-EE8E1EDCD59D}.Release|Any CPU.Build.0 = Release|Any CPU
		{58FA9D78-44E5-46C9-88C1-EE8E1EDCD59D}.Release|x64.ActiveCfg = Release|Any CPU
		{58FA9D78-44E5-46C9-88C1-EE8E1EDCD59D}.Release|x64.Build.0 = Release|Any CPU
		{58FA9D78-44E5-46C9-88C1-EE8E1EDCD59D}.Release|x86.ActiveCfg = Release|Any CPU
		{58FA9D78-44E5-46C9-88C1-EE8E1EDCD59D}.Release|x86.Build.0 = Release|Any CPU
	EndGlobalSection
EndGlobal
